# This file is automatically @generated by Poetry 2.0.1 and should not be changed by hand.

[[package]]
name = "black"
version = "22.12.0"
description = "The uncompromising code formatter."
optional = false
python-versions = ">=3.7"
groups = ["dev"]
files = [
    {file = "black-22.12.0-cp310-cp310-manylinux_2_17_x86_64.manylinux2014_x86_64.whl", hash = "sha256:9eedd20838bd5d75b80c9f5487dbcb06836a43833a37846cf1d8c1cc01cef59d"},
    {file = "black-22.12.0-cp310-cp310-win_amd64.whl", hash = "sha256:159a46a4947f73387b4d83e87ea006dbb2337eab6c879620a3ba52699b1f4351"},
    {file = "black-22.12.0-cp311-cp311-manylinux_2_17_x86_64.manylinux2014_x86_64.whl", hash = "sha256:d30b212bffeb1e252b31dd269dfae69dd17e06d92b87ad26e23890f3efea366f"},
    {file = "black-22.12.0-cp311-cp311-win_amd64.whl", hash = "sha256:7412e75863aa5c5411886804678b7d083c7c28421210180d67dfd8cf1221e1f4"},
    {file = "black-22.12.0-cp37-cp37m-manylinux_2_17_x86_64.manylinux2014_x86_64.whl", hash = "sha256:c116eed0efb9ff870ded8b62fe9f28dd61ef6e9ddd28d83d7d264a38417dcee2"},
    {file = "black-22.12.0-cp37-cp37m-win_amd64.whl", hash = "sha256:1f58cbe16dfe8c12b7434e50ff889fa479072096d79f0a7f25e4ab8e94cd8350"},
    {file = "black-22.12.0-cp38-cp38-manylinux_2_17_x86_64.manylinux2014_x86_64.whl", hash = "sha256:77d86c9f3db9b1bf6761244bc0b3572a546f5fe37917a044e02f3166d5aafa7d"},
    {file = "black-22.12.0-cp38-cp38-win_amd64.whl", hash = "sha256:82d9fe8fee3401e02e79767016b4907820a7dc28d70d137eb397b92ef3cc5bfc"},
    {file = "black-22.12.0-cp39-cp39-manylinux_2_17_x86_64.manylinux2014_x86_64.whl", hash = "sha256:101c69b23df9b44247bd88e1d7e90154336ac4992502d4197bdac35dd7ee3320"},
    {file = "black-22.12.0-cp39-cp39-win_amd64.whl", hash = "sha256:559c7a1ba9a006226f09e4916060982fd27334ae1998e7a38b3f33a37f7a2148"},
    {file = "black-22.12.0-py3-none-any.whl", hash = "sha256:436cc9167dd28040ad90d3b404aec22cedf24a6e4d7de221bec2730ec0c97bcf"},
    {file = "black-22.12.0.tar.gz", hash = "sha256:229351e5a18ca30f447bf724d007f890f97e13af070bb6ad4c0a441cd7596a2f"},
]

[package.dependencies]
click = ">=8.0.0"
mypy-extensions = ">=0.4.3"
pathspec = ">=0.9.0"
platformdirs = ">=2"
tomli = {version = ">=1.1.0", markers = "python_full_version < \"3.11.0a7\""}

[package.extras]
colorama = ["colorama (>=0.4.3)"]
d = ["aiohttp (>=3.7.4)"]
jupyter = ["ipython (>=7.8.0)", "tokenize-rt (>=3.2.0)"]
uvloop = ["uvloop (>=0.15.2)"]

[[package]]
name = "click"
version = "8.1.3"
description = "Composable command line interface toolkit"
optional = false
python-versions = ">=3.7"
groups = ["dev"]
files = [
    {file = "click-8.1.3-py3-none-any.whl", hash = "sha256:bb4d8133cb15a609f44e8213d9b391b0809795062913b383c62be0ee95b1db48"},
    {file = "click-8.1.3.tar.gz", hash = "sha256:7682dc8afb30297001674575ea00d1814d808d6a36af415a82bd481d37ba7b8e"},
]

[package.dependencies]
colorama = {version = "*", markers = "platform_system == \"Windows\""}

[[package]]
name = "colorama"
version = "0.4.6"
description = "Cross-platform colored terminal text."
optional = false
python-versions = "!=3.0.*,!=3.1.*,!=3.2.*,!=3.3.*,!=3.4.*,!=3.5.*,!=3.6.*,>=2.7"
groups = ["dev"]
markers = "platform_system == \"Windows\""
files = [
    {file = "colorama-0.4.6-py2.py3-none-any.whl", hash = "sha256:4f1d9991f5acc0ca119f9d443620b77f9d6b33703e51011c16baf57afb285fc6"},
    {file = "colorama-0.4.6.tar.gz", hash = "sha256:08695f5cb7ed6e0531a20572697297273c47b8cae5a63ffc6d6ed5c201be6e44"},
]

[[package]]
name = "mypy-extensions"
version = "0.4.3"
description = "Experimental type system extensions for programs checked with the mypy typechecker."
optional = false
python-versions = "*"
groups = ["dev"]
files = [
    {file = "mypy_extensions-0.4.3-py2.py3-none-any.whl", hash = "sha256:090fedd75945a69ae91ce1303b5824f428daf5a028d2f6ab8a299250a846f15d"},
    {file = "mypy_extensions-0.4.3.tar.gz", hash = "sha256:2d82818f5bb3e369420cb3c4060a7970edba416647068eb4c5343488a6c604a8"},
]

[[package]]
name = "pathspec"
version = "0.10.3"
description = "Utility library for gitignore style pattern matching of file paths."
optional = false
python-versions = ">=3.7"
groups = ["dev"]
files = [
    {file = "pathspec-0.10.3-py3-none-any.whl", hash = "sha256:3c95343af8b756205e2aba76e843ba9520a24dd84f68c22b9f93251507509dd6"},
    {file = "pathspec-0.10.3.tar.gz", hash = "sha256:56200de4077d9d0791465aa9095a01d421861e405b5096955051deefd697d6f6"},
]

[[package]]
name = "phidget22"
version = "1.22.20250106"
description = "Phidget22 Python wrapper library"
optional = false
python-versions = "*"
groups = ["main"]
files = [
    {file = "phidget22-1.22.20250106-py3-none-any.whl", hash = "sha256:5add42e690c9c4070f7676fa54bf024f82de07e88b2585fcc310cc117cfaae0e"},
    {file = "phidget22-1.22.20250106-py3-none-macosx_10_11_universal2.whl", hash = "sha256:42886f258b30118441a1ade9653a8d547304348d6fdbe2a361c00c5d70f66bf8"},
    {file = "phidget22-1.22.20250106-py3-none-macosx_10_11_x86_64.whl", hash = "sha256:02ec58cd2bf812c7baa0230c1cccc42846de866e7a8b16c19f15e9bfe4c2e91b"},
    {file = "phidget22-1.22.20250106-py3-none-macosx_11_0_arm64.whl", hash = "sha256:967d2e8d23ce8349c07c410ace02b29e3c1c4c2ad9cd633e0ad713e989153683"},
    {file = "phidget22-1.22.20250106-py3-none-manylinux_2_28_aarch64.whl", hash = "sha256:8d4502400d5ddb45d31ddff77072d4ca6494a04aeb2a95a4b37585f89bbdea8e"},
    {file = "phidget22-1.22.20250106-py3-none-manylinux_2_28_armv7l.whl", hash = "sha256:d8b9a2eda7e2b37f41d1bea4929611cc5006bb4fed56f1b7e450dad1b8009197"},
    {file = "phidget22-1.22.20250106-py3-none-manylinux_2_28_i686.whl", hash = "sha256:975a754ab3fb2688e7716b55d5d2eb61eb1b55baba8e0258392a07a0d912ca74"},
    {file = "phidget22-1.22.20250106-py3-none-manylinux_2_28_x86_64.whl", hash = "sha256:441873446dbb264455fd25485926b62d471b3b39636d4f87e22ef619c7d23ad6"},
    {file = "phidget22-1.22.20250106-py3-none-win32.whl", hash = "sha256:e103a73505561295511be12d05d5aabc8ebc4541b504f216e4a296e04d7656b0"},
    {file = "phidget22-1.22.20250106-py3-none-win_amd64.whl", hash = "sha256:b8417a82612ccfff925decf4ccd1b5b1a68014bcc5baa838d4dc0294563753e9"},
    {file = "phidget22-1.22.20250106.tar.gz", hash = "sha256:5fc7c3c60c162d57725c34d42dca9e72b47d52ab13c5e1ec495284785470e827"},
]

[[package]]
name = "platformdirs"
version = "2.6.2"
description = "A small Python package for determining appropriate platform-specific dirs, e.g. a \"user data dir\"."
optional = false
python-versions = ">=3.7"
groups = ["dev"]
files = [
    {file = "platformdirs-2.6.2-py3-none-any.whl", hash = "sha256:83c8f6d04389165de7c9b6f0c682439697887bca0aa2f1c87ef1826be3584490"},
    {file = "platformdirs-2.6.2.tar.gz", hash = "sha256:e1fea1fe471b9ff8332e229df3cb7de4f53eeea4998d3b6bfff542115e998bd2"},
]

[package.extras]
docs = ["furo (>=2022.12.7)", "proselint (>=0.13)", "sphinx (>=5.3)", "sphinx-autodoc-typehints (>=1.19.5)"]
test = ["appdirs (==1.4.4)", "covdefaults (>=2.2.2)", "pytest (>=7.2)", "pytest-cov (>=4)", "pytest-mock (>=3.10)"]

[[package]]
name = "pyside6"
version = "6.8.1.1"
description = "Python bindings for the Qt cross-platform application and UI framework"
optional = false
python-versions = "<3.14,>=3.9"
groups = ["main"]
files = [
    {file = "PySide6-6.8.1.1-cp39-abi3-macosx_12_0_universal2.whl", hash = "sha256:805728a7ed58352a02689b953ddbe29af1c8944f8c7f2c28312dc0b69f64b85e"},
    {file = "PySide6-6.8.1.1-cp39-abi3-manylinux_2_28_x86_64.whl", hash = "sha256:70f8c4745d981ebb5bb93d7b825222532d553373b68b9db7a42cfcee25cafc9a"},
    {file = "PySide6-6.8.1.1-cp39-abi3-manylinux_2_39_aarch64.whl", hash = "sha256:de80ac62087a716b2bada2e3ddd739c5d176dc4be819abef91274d53d75f4e58"},
    {file = "PySide6-6.8.1.1-cp39-abi3-win_amd64.whl", hash = "sha256:60a2551053fa69845b893fb821507e2cc89d3a8a8b43726d568acd1250ad44fb"},
]

[package.dependencies]
PySide6-Addons = "6.8.1.1"
PySide6-Essentials = "6.8.1.1"
shiboken6 = "6.8.1.1"

[[package]]
name = "pyside6-addons"
version = "6.8.1.1"
description = "Python bindings for the Qt cross-platform application and UI framework (Addons)"
optional = false
python-versions = "<3.14,>=3.9"
groups = ["main"]
files = [
    {file = "PySide6_Addons-6.8.1.1-cp39-abi3-macosx_12_0_universal2.whl", hash = "sha256:83d35d7a1a7dbd1a16b4040a26ad4d5cc030a2aed4d439241babee1225d6e58a"},
    {file = "PySide6_Addons-6.8.1.1-cp39-abi3-manylinux_2_28_x86_64.whl", hash = "sha256:5ef45aeadca37d658e44a41e11f2b2e43dfc34c780a6be1cd09d96a7696e6cc6"},
    {file = "PySide6_Addons-6.8.1.1-cp39-abi3-manylinux_2_39_aarch64.whl", hash = "sha256:e1b4a20b0bcbc2e440faba62e0d164223b8fd6f041d749543bc3812979116c4c"},
    {file = "PySide6_Addons-6.8.1.1-cp39-abi3-win_amd64.whl", hash = "sha256:d8ae86944ac48cc9891666cf71565acebd403a953d0e050be4d41ac490788d0a"},
]

[package.dependencies]
PySide6-Essentials = "6.8.1.1"
shiboken6 = "6.8.1.1"

[[package]]
name = "pyside6-essentials"
version = "6.8.1.1"
description = "Python bindings for the Qt cross-platform application and UI framework (Essentials)"
optional = false
python-versions = "<3.14,>=3.9"
groups = ["main"]
files = [
    {file = "PySide6_Essentials-6.8.1.1-cp39-abi3-macosx_12_0_universal2.whl", hash = "sha256:25f3fdb281ac3b442f08250e3284d3b1944f7c64c62ed93b57678a62c199cf46"},
    {file = "PySide6_Essentials-6.8.1.1-cp39-abi3-manylinux_2_28_x86_64.whl", hash = "sha256:62b64842a91114c224c41eeb6a8c8f255ba60268bc5ac19724f944d60e2277c6"},
    {file = "PySide6_Essentials-6.8.1.1-cp39-abi3-manylinux_2_39_aarch64.whl", hash = "sha256:e0c1cc3cfb2ea5eea70748da7d22032a59ea641e24988f543d5b274c0adab065"},
    {file = "PySide6_Essentials-6.8.1.1-cp39-abi3-win_amd64.whl", hash = "sha256:085f12e16db31eb0e802b21c64eabf582f54db6c44463a1f5e1814d897b1f2c0"},
]

[package.dependencies]
shiboken6 = "6.8.1.1"

[[package]]
name = "shiboken6"
version = "6.8.1.1"
description = "Python/C++ bindings helper module"
optional = false
python-versions = "<3.14,>=3.9"
groups = ["main"]
files = [
    {file = "shiboken6-6.8.1.1-cp39-abi3-macosx_12_0_universal2.whl", hash = "sha256:42fbb173a772c4e059dbeafb302e96f6ea8e1c9bacf05fab71ea7eb0d8f97b01"},
    {file = "shiboken6-6.8.1.1-cp39-abi3-manylinux_2_28_x86_64.whl", hash = "sha256:d672df0f29dc5f44de7205c1acae4d0471ba8371bb1d68fdacbf1686f4d22a96"},
    {file = "shiboken6-6.8.1.1-cp39-abi3-manylinux_2_39_aarch64.whl", hash = "sha256:ff1b22a66476b042d3dc09870edca353fdac1c1f517a4cdc364b24e296213ecd"},
    {file = "shiboken6-6.8.1.1-cp39-abi3-win_amd64.whl", hash = "sha256:26f7041c77058a8ecfb9345caa187250b199de79cfb37e33936e5fbd468a7780"},
]

[[package]]
name = "tomli"
version = "2.0.1"
description = "A lil' TOML parser"
optional = false
python-versions = ">=3.7"
groups = ["dev"]
markers = "python_full_version < \"3.11.0a7\""
files = [
    {file = "tomli-2.0.1-py3-none-any.whl", hash = "sha256:939de3e7a6161af0c887ef91b7d41a53e7c5a1ca976325f429cb46ea9bc30ecc"},
    {file = "tomli-2.0.1.tar.gz", hash = "sha256:de526c12914f0c550d15924c62d72abc48d6fe7364aa87328337a31007fe8a4f"},
]

[metadata]
lock-version = "2.1"
python-versions = "^3.10,<3.14"
content-hash = "627a2719985f719e7aad1d544f76a28415474de5ad98b143185327c30f6dc63e"
